
Microsoft Visual Studio Solution File, Format Version 12.00
# Visual Studio 15
VisualStudioVersion = 15.0.28307.271
MinimumVisualStudioVersion = 10.0.40219.1
Project("{F184B08F-C81C-45F6-A57F-5ABD9991F28F}") = "Headless Pi", "Headless Pi\Headless Pi.vbproj", "{997E42C0-0D0F-448F-BFD5-B489B680CD7F}"
EndProject
Global
	GlobalSection(SolutionConfigurationPlatforms) = preSolution
		Debug|Any CPU = Debug|Any CPU
		Release|Any CPU = Release|Any CPU
	EndGlobalSection
	GlobalSection(ProjectConfigurationPlatforms) = postSolution
		{997E42C0-0D0F-448F-BFD5-B489B680CD7F}.Debug|Any CPU.ActiveCfg = Debug|Any CPU
		{997E42C0-0D0F-448F-BFD5-B489B680CD7F}.Debug|Any CPU.Build.0 = Debug|Any CPU
		{997E42C0-0D0F-448F-BFD5-B489B680CD7F}.Release|Any CPU.ActiveCfg = Release|Any CPU
		{997E42C0-0D0F-448F-BFD5-B489B680CD7F}.Release|Any CPU.Build.0 = Release|Any CPU
	EndGlobalSection
	GlobalSection(SolutionProperties) = preSolution
		HideSolutionNode = FALSE
	EndGlobalSection
	GlobalSection(ExtensibilityGlobals) = postSolution
		SolutionGuid = {98B53DA4-FDE9-4AC0-A8C2-D2D98E41D191}
	EndGlobalSection
EndGlobal
